
Microsoft Visual Studio Solution File, Format Version 12.00
# Visual Studio Version 17
VisualStudioVersion = 17.1.32210.238
MinimumVisualStudioVersion = 10.0.40219.1
Project("{FAE04EC0-301F-11D3-BF4B-00C04F79EFBC}") = "Presentation", "Presentation\Presentation.csproj", "{13981DA0-D1AD-4AEE-9D9F-38F5FD4E9A73}"
EndProject
Project("{FAE04EC0-301F-11D3-BF4B-00C04F79EFBC}") = "Logic", "Logic\Logic.csproj", "{9F43B8CB-94CE-4D0F-9831-35E45A1AE591}"
EndProject
Project("{FAE04EC0-301F-11D3-BF4B-00C04F79EFBC}") = "Data", "Data\Data.csproj", "{3EB8D310-C622-4D69-BFD3-F43BC8C31051}"
EndProject
Global
	GlobalSection(SolutionConfigurationPlatforms) = preSolution
		Debug|Any CPU = Debug|Any CPU
		Release|Any CPU = Release|Any CPU
	EndGlobalSection
	GlobalSection(ProjectConfigurationPlatforms) = postSolution
		{13981DA0-D1AD-4AEE-9D9F-38F5FD4E9A73}.Debug|Any CPU.ActiveCfg = Debug|Any CPU
		{13981DA0-D1AD-4AEE-9D9F-38F5FD4E9A73}.Debug|Any CPU.Build.0 = Debug|Any CPU
		{13981DA0-D1AD-4AEE-9D9F-38F5FD4E9A73}.Release|Any CPU.ActiveCfg = Release|Any CPU
		{13981DA0-D1AD-4AEE-9D9F-38F5FD4E9A73}.Release|Any CPU.Build.0 = Release|Any CPU
		{9F43B8CB-94CE-4D0F-9831-35E45A1AE591}.Debug|Any CPU.ActiveCfg = Debug|Any CPU
		{9F43B8CB-94CE-4D0F-9831-35E45A1AE591}.Debug|Any CPU.Build.0 = Debug|Any CPU
		{9F43B8CB-94CE-4D0F-9831-35E45A1AE591}.Release|Any CPU.ActiveCfg = Release|Any CPU
		{9F43B8CB-94CE-4D0F-9831-35E45A1AE591}.Release|Any CPU.Build.0 = Release|Any CPU
		{3EB8D310-C622-4D69-BFD3-F43BC8C31051}.Debug|Any CPU.ActiveCfg = Debug|Any CPU
		{3EB8D310-C622-4D69-BFD3-F43BC8C31051}.Debug|Any CPU.Build.0 = Debug|Any CPU
		{3EB8D310-C622-4D69-BFD3-F43BC8C31051}.Release|Any CPU.ActiveCfg = Release|Any CPU
		{3EB8D310-C622-4D69-BFD3-F43BC8C31051}.Release|Any CPU.Build.0 = Release|Any CPU
	EndGlobalSection
	GlobalSection(SolutionProperties) = preSolution
		HideSolutionNode = FALSE
	EndGlobalSection
	GlobalSection(ExtensibilityGlobals) = postSolution
		SolutionGuid = {A1CB3DB9-EC9E-42B0-982F-1BF0A11F17F5}
	EndGlobalSection
EndGlobal
